
Microsoft Visual Studio Solution File, Format Version 11.00
# Visual Studio 2010
Project("{FAE04EC0-301F-11D3-BF4B-00C04F79EFBC}") = "Assembly-CSharp", "Assembly-CSharp.csproj", "{643754b1-a40d-73e2-0056-de172242f44a}"
EndProject
Project("{FAE04EC0-301F-11D3-BF4B-00C04F79EFBC}") = "Assembly-CSharp-firstpass", "Assembly-CSharp-firstpass.csproj", "{755ccb02-384b-9b5c-f538-32ab81e2a5e0}"
EndProject
Global
	GlobalSection(SolutionConfigurationPlatforms) = preSolution
		Debug|Any CPU = Debug|Any CPU
	EndGlobalSection
	GlobalSection(ProjectConfigurationPlatforms) = postSolution
		{643754b1-a40d-73e2-0056-de172242f44a}.Debug|Any CPU.ActiveCfg = Debug|Any CPU
		{643754b1-a40d-73e2-0056-de172242f44a}.Debug|Any CPU.Build.0 = Debug|Any CPU
		{755ccb02-384b-9b5c-f538-32ab81e2a5e0}.Debug|Any CPU.ActiveCfg = Debug|Any CPU
		{755ccb02-384b-9b5c-f538-32ab81e2a5e0}.Debug|Any CPU.Build.0 = Debug|Any CPU
	EndGlobalSection
	GlobalSection(SolutionProperties) = preSolution
		HideSolutionNode = FALSE
	EndGlobalSection
EndGlobal
